
Microsoft Visual Studio Solution File, Format Version 12.00
# Visual Studio 15
VisualStudioVersion = 15.0.26228.9
MinimumVisualStudioVersion = 10.0.40219.1
Project("{FAE04EC0-301F-11D3-BF4B-00C04F79EFBC}") = "Phoneword.Android", "Phoneword\Phoneword.Android\Phoneword.Android.csproj", "{6DB90E01-0EA3-4003-9DC4-928CB5F2F0CD}"
EndProject
Project("{FAE04EC0-301F-11D3-BF4B-00C04F79EFBC}") = "Phoneword", "Phoneword\Phoneword\Phoneword.csproj", "{0B802390-62CB-4ED6-93C2-1271C2084632}"
EndProject
Project("{FAE04EC0-301F-11D3-BF4B-00C04F79EFBC}") = "Phoneword.UWP", "Phoneword\Phoneword.UWP\Phoneword.UWP.csproj", "{91B08C7F-82D4-4369-BFD5-81654DEDEDD9}"
EndProject
Project("{FAE04EC0-301F-11D3-BF4B-00C04F79EFBC}") = "Phoneword.iOS", "Phoneword\Phoneword.iOS\Phoneword.iOS.csproj", "{B788DB1D-ACDA-4337-93ED-29CD9D541FD7}"
EndProject
Global
	GlobalSection(SolutionConfigurationPlatforms) = preSolution
		Ad-Hoc|Any CPU = Ad-Hoc|Any CPU
		Ad-Hoc|ARM = Ad-Hoc|ARM
		Ad-Hoc|iPhone = Ad-Hoc|iPhone
		Ad-Hoc|iPhoneSimulator = Ad-Hoc|iPhoneSimulator
		Ad-Hoc|x64 = Ad-Hoc|x64
		Ad-Hoc|x86 = Ad-Hoc|x86
		AppStore|Any CPU = AppStore|Any CPU
		AppStore|ARM = AppStore|ARM
		AppStore|iPhone = AppStore|iPhone
		AppStore|iPhoneSimulator = AppStore|iPhoneSimulator
		AppStore|x64 = AppStore|x64
		AppStore|x86 = AppStore|x86
		Debug|Any CPU = Debug|Any CPU
		Debug|ARM = Debug|ARM
		Debug|iPhone = Debug|iPhone
		Debug|iPhoneSimulator = Debug|iPhoneSimulator
		Debug|x64 = Debug|x64
		Debug|x86 = Debug|x86
		Release|Any CPU = Release|Any CPU
		Release|ARM = Release|ARM
		Release|iPhone = Release|iPhone
		Release|iPhoneSimulator = Release|iPhoneSimulator
		Release|x64 = Release|x64
		Release|x86 = Release|x86
	EndGlobalSection
	GlobalSection(ProjectConfigurationPlatforms) = postSolution
		{6DB90E01-0EA3-4003-9DC4-928CB5F2F0CD}.Ad-Hoc|Any CPU.ActiveCfg = Release|Any CPU
		{6DB90E01-0EA3-4003-9DC4-928CB5F2F0CD}.Ad-Hoc|Any CPU.Build.0 = Release|Any CPU
		{6DB90E01-0EA3-4003-9DC4-928CB5F2F0CD}.Ad-Hoc|Any CPU.Deploy.0 = Release|Any CPU
		{6DB90E01-0EA3-4003-9DC4-928CB5F2F0CD}.Ad-Hoc|ARM.ActiveCfg = Release|Any CPU
		{6DB90E01-0EA3-4003-9DC4-928CB5F2F0CD}.Ad-Hoc|ARM.Build.0 = Release|Any CPU
		{6DB90E01-0EA3-4003-9DC4-928CB5F2F0CD}.Ad-Hoc|ARM.Deploy.0 = Release|Any CPU
		{6DB90E01-0EA3-4003-9DC4-928CB5F2F0CD}.Ad-Hoc|iPhone.ActiveCfg = Release|Any CPU
		{6DB90E01-0EA3-4003-9DC4-928CB5F2F0CD}.Ad-Hoc|iPhone.Build.0 = Release|Any CPU
		{6DB90E01-0EA3-4003-9DC4-928CB5F2F0CD}.Ad-Hoc|iPhone.Deploy.0 = Release|Any CPU
		{6DB90E01-0EA3-4003-9DC4-928CB5F2F0CD}.Ad-Hoc|iPhoneSimulator.ActiveCfg = Release|Any CPU
		{6DB90E01-0EA3-4003-9DC4-928CB5F2F0CD}.Ad-Hoc|iPhoneSimulator.Build.0 = Release|Any CPU
		{6DB90E01-0EA3-4003-9DC4-928CB5F2F0CD}.Ad-Hoc|iPhoneSimulator.Deploy.0 = Release|Any CPU
		{6DB90E01-0EA3-4003-9DC4-928CB5F2F0CD}.Ad-Hoc|x64.ActiveCfg = Release|Any CPU
		{6DB90E01-0EA3-4003-9DC4-928CB5F2F0CD}.Ad-Hoc|x64.Build.0 = Release|Any CPU
		{6DB90E01-0EA3-4003-9DC4-928CB5F2F0CD}.Ad-Hoc|x64.Deploy.0 = Release|Any CPU
		{6DB90E01-0EA3-4003-9DC4-928CB5F2F0CD}.Ad-Hoc|x86.ActiveCfg = Release|Any CPU
		{6DB90E01-0EA3-4003-9DC4-928CB5F2F0CD}.Ad-Hoc|x86.Build.0 = Release|Any CPU
		{6DB90E01-0EA3-4003-9DC4-928CB5F2F0CD}.Ad-Hoc|x86.Deploy.0 = Release|Any CPU
		{6DB90E01-0EA3-4003-9DC4-928CB5F2F0CD}.AppStore|Any CPU.ActiveCfg = Release|Any CPU
		{6DB90E01-0EA3-4003-9DC4-928CB5F2F0CD}.AppStore|Any CPU.Build.0 = Release|Any CPU
		{6DB90E01-0EA3-4003-9DC4-928CB5F2F0CD}.AppStore|Any CPU.Deploy.0 = Release|Any CPU
		{6DB90E01-0EA3-4003-9DC4-928CB5F2F0CD}.AppStore|ARM.ActiveCfg = Release|Any CPU
		{6DB90E01-0EA3-4003-9DC4-928CB5F2F0CD}.AppStore|ARM.Build.0 = Release|Any CPU
		{6DB90E01-0EA3-4003-9DC4-928CB5F2F0CD}.AppStore|ARM.Deploy.0 = Release|Any CPU
		{6DB90E01-0EA3-4003-9DC4-928CB5F2F0CD}.AppStore|iPhone.ActiveCfg = Release|Any CPU
		{6DB90E01-0EA3-4003-9DC4-928CB5F2F0CD}.AppStore|iPhone.Build.0 = Release|Any CPU
		{6DB90E01-0EA3-4003-9DC4-928CB5F2F0CD}.AppStore|iPhone.Deploy.0 = Release|Any CPU
		{6DB90E01-0EA3-4003-9DC4-928CB5F2F0CD}.AppStore|iPhoneSimulator.ActiveCfg = Release|Any CPU
		{6DB90E01-0EA3-4003-9DC4-928CB5F2F0CD}.AppStore|iPhoneSimulator.Build.0 = Release|Any CPU
		{6DB90E01-0EA3-4003-9DC4-928CB5F2F0CD}.AppStore|iPhoneSimulator.Deploy.0 = Release|Any CPU
		{6DB90E01-0EA3-4003-9DC4-928CB5F2F0CD}.AppStore|x64.ActiveCfg = Release|Any CPU
		{6DB90E01-0EA3-4003-9DC4-928CB5F2F0CD}.AppStore|x64.Build.0 = Release|Any CPU
		{6DB90E01-0EA3-4003-9DC4-928CB5F2F0CD}.AppStore|x64.Deploy.0 = Release|Any CPU
		{6DB90E01-0EA3-4003-9DC4-928CB5F2F0CD}.AppStore|x86.ActiveCfg = Release|Any CPU
		{6DB90E01-0EA3-4003-9DC4-928CB5F2F0CD}.AppStore|x86.Build.0 = Release|Any CPU
		{6DB90E01-0EA3-4003-9DC4-928CB5F2F0CD}.AppStore|x86.Deploy.0 = Release|Any CPU
		{6DB90E01-0EA3-4003-9DC4-928CB5F2F0CD}.Debug|Any CPU.ActiveCfg = Debug|Any CPU
		{6DB90E01-0EA3-4003-9DC4-928CB5F2F0CD}.Debug|Any CPU.Build.0 = Debug|Any CPU
		{6DB90E01-0EA3-4003-9DC4-928CB5F2F0CD}.Debug|Any CPU.Deploy.0 = Debug|Any CPU
		{6DB90E01-0EA3-4003-9DC4-928CB5F2F0CD}.Debug|ARM.ActiveCfg = Debug|Any CPU
		{6DB90E01-0EA3-4003-9DC4-928CB5F2F0CD}.Debug|ARM.Build.0 = Debug|Any CPU
		{6DB90E01-0EA3-4003-9DC4-928CB5F2F0CD}.Debug|ARM.Deploy.0 = Debug|Any CPU
		{6DB90E01-0EA3-4003-9DC4-928CB5F2F0CD}.Debug|iPhone.ActiveCfg = Debug|Any CPU
		{6DB90E01-0EA3-4003-9DC4-928CB5F2F0CD}.Debug|iPhone.Build.0 = Debug|Any CPU
		{6DB90E01-0EA3-4003-9DC4-928CB5F2F0CD}.Debug|iPhone.Deploy.0 = Debug|Any CPU
		{6DB90E01-0EA3-4003-9DC4-928CB5F2F0CD}.Debug|iPhoneSimulator.ActiveCfg = Debug|Any CPU
		{6DB90E01-0EA3-4003-9DC4-928CB5F2F0CD}.Debug|iPhoneSimulator.Build.0 = Debug|Any CPU
		{6DB90E01-0EA3-4003-9DC4-928CB5F2F0CD}.Debug|iPhoneSimulator.Deploy.0 = Debug|Any CPU
		{6DB90E01-0EA3-4003-9DC4-928CB5F2F0CD}.Debug|x64.ActiveCfg = Debug|Any CPU
		{6DB90E01-0EA3-4003-9DC4-928CB5F2F0CD}.Debug|x64.Build.0 = Debug|Any CPU
		{6DB90E01-0EA3-4003-9DC4-928CB5F2F0CD}.Debug|x64.Deploy.0 = Debug|Any CPU
		{6DB90E01-0EA3-4003-9DC4-928CB5F2F0CD}.Debug|x86.ActiveCfg = Debug|Any CPU
		{6DB90E01-0EA3-4003-9DC4-928CB5F2F0CD}.Debug|x86.Build.0 = Debug|Any CPU
		{6DB90E01-0EA3-4003-9DC4-928CB5F2F0CD}.Debug|x86.Deploy.0 = Debug|Any CPU
		{6DB90E01-0EA3-4003-9DC4-928CB5F2F0CD}.Release|Any CPU.ActiveCfg = Release|Any CPU
		{6DB90E01-0EA3-4003-9DC4-928CB5F2F0CD}.Release|Any CPU.Build.0 = Release|Any CPU
		{6DB90E01-0EA3-4003-9DC4-928CB5F2F0CD}.Release|Any CPU.Deploy.0 = Release|Any CPU
		{6DB90E01-0EA3-4003-9DC4-928CB5F2F0CD}.Release|ARM.ActiveCfg = Release|Any CPU
		{6DB90E01-0EA3-4003-9DC4-928CB5F2F0CD}.Release|ARM.Build.0 = Release|Any CPU
		{6DB90E01-0EA3-4003-9DC4-928CB5F2F0CD}.Release|ARM.Deploy.0 = Release|Any CPU
		{6DB90E01-0EA3-4003-9DC4-928CB5F2F0CD}.Release|iPhone.ActiveCfg = Release|Any CPU
		{6DB90E01-0EA3-4003-9DC4-928CB5F2F0CD}.Release|iPhone.Build.0 = Release|Any CPU
		{6DB90E01-0EA3-4003-9DC4-928CB5F2F0CD}.Release|iPhone.Deploy.0 = Release|Any CPU
		{6DB90E01-0EA3-4003-9DC4-928CB5F2F0CD}.Release|iPhoneSimulator.ActiveCfg = Release|Any CPU
		{6DB90E01-0EA3-4003-9DC4-928CB5F2F0CD}.Release|iPhoneSimulator.Build.0 = Release|Any CPU
		{6DB90E01-0EA3-4003-9DC4-928CB5F2F0CD}.Release|iPhoneSimulator.Deploy.0 = Release|Any CPU
		{6DB90E01-0EA3-4003-9DC4-928CB5F2F0CD}.Release|x64.ActiveCfg = Release|Any CPU
		{6DB90E01-0EA3-4003-9DC4-928CB5F2F0CD}.Release|x64.Build.0 = Release|Any CPU
		{6DB90E01-0EA3-4003-9DC4-928CB5F2F0CD}.Release|x64.Deploy.0 = Release|Any CPU
		{6DB90E01-0EA3-4003-9DC4-928CB5F2F0CD}.Release|x86.ActiveCfg = Release|Any CPU
		{6DB90E01-0EA3-4003-9DC4-928CB5F2F0CD}.Release|x86.Build.0 = Release|Any CPU
		{6DB90E01-0EA3-4003-9DC4-928CB5F2F0CD}.Release|x86.Deploy.0 = Release|Any CPU
		{0B802390-62CB-4ED6-93C2-1271C2084632}.Ad-Hoc|Any CPU.ActiveCfg = Release|Any CPU
		{0B802390-62CB-4ED6-93C2-1271C2084632}.Ad-Hoc|Any CPU.Build.0 = Release|Any CPU
		{0B802390-62CB-4ED6-93C2-1271C2084632}.Ad-Hoc|ARM.ActiveCfg = Release|Any CPU
		{0B802390-62CB-4ED6-93C2-1271C2084632}.Ad-Hoc|ARM.Build.0 = Release|Any CPU
		{0B802390-62CB-4ED6-93C2-1271C2084632}.Ad-Hoc|iPhone.ActiveCfg = Release|Any CPU
		{0B802390-62CB-4ED6-93C2-1271C2084632}.Ad-Hoc|iPhone.Build.0 = Release|Any CPU
		{0B802390-62CB-4ED6-93C2-1271C2084632}.Ad-Hoc|iPhoneSimulator.ActiveCfg = Release|Any CPU
		{0B802390-62CB-4ED6-93C2-1271C2084632}.Ad-Hoc|iPhoneSimulator.Build.0 = Release|Any CPU
		{0B802390-62CB-4ED6-93C2-1271C2084632}.Ad-Hoc|x64.ActiveCfg = Release|Any CPU
		{0B802390-62CB-4ED6-93C2-1271C2084632}.Ad-Hoc|x64.Build.0 = Release|Any CPU
		{0B802390-62CB-4ED6-93C2-1271C2084632}.Ad-Hoc|x86.ActiveCfg = Release|Any CPU
		{0B802390-62CB-4ED6-93C2-1271C2084632}.Ad-Hoc|x86.Build.0 = Release|Any CPU
		{0B802390-62CB-4ED6-93C2-1271C2084632}.AppStore|Any CPU.ActiveCfg = Release|Any CPU
		{0B802390-62CB-4ED6-93C2-1271C2084632}.AppStore|Any CPU.Build.0 = Release|Any CPU
		{0B802390-62CB-4ED6-93C2-1271C2084632}.AppStore|ARM.ActiveCfg = Release|Any CPU
		{0B802390-62CB-4ED6-93C2-1271C2084632}.AppStore|ARM.Build.0 = Release|Any CPU
		{0B802390-62CB-4ED6-93C2-1271C2084632}.AppStore|iPhone.ActiveCfg = Release|Any CPU
		{0B802390-62CB-4ED6-93C2-1271C2084632}.AppStore|iPhone.Build.0 = Release|Any CPU
		{0B802390-62CB-4ED6-93C2-1271C2084632}.AppStore|iPhoneSimulator.ActiveCfg = Release|Any CPU
		{0B802390-62CB-4ED6-93C2-1271C2084632}.AppStore|iPhoneSimulator.Build.0 = Release|Any CPU
		{0B802390-62CB-4ED6-93C2-1271C2084632}.AppStore|x64.ActiveCfg = Release|Any CPU
		{0B802390-62CB-4ED6-93C2-1271C2084632}.AppStore|x64.Build.0 = Release|Any CPU
		{0B802390-62CB-4ED6-93C2-1271C2084632}.AppStore|x86.ActiveCfg = Release|Any CPU
		{0B802390-62CB-4ED6-93C2-1271C2084632}.AppStore|x86.Build.0 = Release|Any CPU
		{0B802390-62CB-4ED6-93C2-1271C2084632}.Debug|Any CPU.ActiveCfg = Debug|Any CPU
		{0B802390-62CB-4ED6-93C2-1271C2084632}.Debug|Any CPU.Build.0 = Debug|Any CPU
		{0B802390-62CB-4ED6-93C2-1271C2084632}.Debug|ARM.ActiveCfg = Debug|Any CPU
		{0B802390-62CB-4ED6-93C2-1271C2084632}.Debug|ARM.Build.0 = Debug|Any CPU
		{0B802390-62CB-4ED6-93C2-1271C2084632}.Debug|iPhone.ActiveCfg = Debug|Any CPU
		{0B802390-62CB-4ED6-93C2-1271C2084632}.Debug|iPhone.Build.0 = Debug|Any CPU
		{0B802390-62CB-4ED6-93C2-1271C2084632}.Debug|iPhoneSimulator.ActiveCfg = Debug|Any CPU
		{0B802390-62CB-4ED6-93C2-1271C2084632}.Debug|iPhoneSimulator.Build.0 = Debug|Any CPU
		{0B802390-62CB-4ED6-93C2-1271C2084632}.Debug|x64.ActiveCfg = Debug|Any CPU
		{0B802390-62CB-4ED6-93C2-1271C2084632}.Debug|x64.Build.0 = Debug|Any CPU
		{0B802390-62CB-4ED6-93C2-1271C2084632}.Debug|x86.ActiveCfg = Debug|Any CPU
		{0B802390-62CB-4ED6-93C2-1271C2084632}.Debug|x86.Build.0 = Debug|Any CPU
		{0B802390-62CB-4ED6-93C2-1271C2084632}.Release|Any CPU.ActiveCfg = Release|Any CPU
		{0B802390-62CB-4ED6-93C2-1271C2084632}.Release|Any CPU.Build.0 = Release|Any CPU
		{0B802390-62CB-4ED6-93C2-1271C2084632}.Release|ARM.ActiveCfg = Release|Any CPU
		{0B802390-62CB-4ED6-93C2-1271C2084632}.Release|ARM.Build.0 = Release|Any CPU
		{0B802390-62CB-4ED6-93C2-1271C2084632}.Release|iPhone.ActiveCfg = Release|Any CPU
		{0B802390-62CB-4ED6-93C2-1271C2084632}.Release|iPhone.Build.0 = Release|Any CPU
		{0B802390-62CB-4ED6-93C2-1271C2084632}.Release|iPhoneSimulator.ActiveCfg = Release|Any CPU
		{0B802390-62CB-4ED6-93C2-1271C2084632}.Release|iPhoneSimulator.Build.0 = Release|Any CPU
		{0B802390-62CB-4ED6-93C2-1271C2084632}.Release|x64.ActiveCfg = Release|Any CPU
		{0B802390-62CB-4ED6-93C2-1271C2084632}.Release|x64.Build.0 = Release|Any CPU
		{0B802390-62CB-4ED6-93C2-1271C2084632}.Release|x86.ActiveCfg = Release|Any CPU
		{0B802390-62CB-4ED6-93C2-1271C2084632}.Release|x86.Build.0 = Release|Any CPU
		{91B08C7F-82D4-4369-BFD5-81654DEDEDD9}.Ad-Hoc|Any CPU.ActiveCfg = Release|x86
		{91B08C7F-82D4-4369-BFD5-81654DEDEDD9}.Ad-Hoc|Any CPU.Build.0 = Release|x86
		{91B08C7F-82D4-4369-BFD5-81654DEDEDD9}.Ad-Hoc|Any CPU.Deploy.0 = Release|x86
		{91B08C7F-82D4-4369-BFD5-81654DEDEDD9}.Ad-Hoc|ARM.ActiveCfg = Release|ARM
		{91B08C7F-82D4-4369-BFD5-81654DEDEDD9}.Ad-Hoc|ARM.Build.0 = Release|ARM
		{91B08C7F-82D4-4369-BFD5-81654DEDEDD9}.Ad-Hoc|ARM.Deploy.0 = Release|ARM
		{91B08C7F-82D4-4369-BFD5-81654DEDEDD9}.Ad-Hoc|iPhone.ActiveCfg = Release|x86
		{91B08C7F-82D4-4369-BFD5-81654DEDEDD9}.Ad-Hoc|iPhone.Build.0 = Release|x86
		{91B08C7F-82D4-4369-BFD5-81654DEDEDD9}.Ad-Hoc|iPhone.Deploy.0 = Release|x86
		{91B08C7F-82D4-4369-BFD5-81654DEDEDD9}.Ad-Hoc|iPhoneSimulator.ActiveCfg = Release|x86
		{91B08C7F-82D4-4369-BFD5-81654DEDEDD9}.Ad-Hoc|iPhoneSimulator.Build.0 = Release|x86
		{91B08C7F-82D4-4369-BFD5-81654DEDEDD9}.Ad-Hoc|iPhoneSimulator.Deploy.0 = Release|x86
		{91B08C7F-82D4-4369-BFD5-81654DEDEDD9}.Ad-Hoc|x64.ActiveCfg = Release|x64
		{91B08C7F-82D4-4369-BFD5-81654DEDEDD9}.Ad-Hoc|x64.Build.0 = Release|x64
		{91B08C7F-82D4-4369-BFD5-81654DEDEDD9}.Ad-Hoc|x64.Deploy.0 = Release|x64
		{91B08C7F-82D4-4369-BFD5-81654DEDEDD9}.Ad-Hoc|x86.ActiveCfg = Release|x86
		{91B08C7F-82D4-4369-BFD5-81654DEDEDD9}.Ad-Hoc|x86.Build.0 = Release|x86
		{91B08C7F-82D4-4369-BFD5-81654DEDEDD9}.Ad-Hoc|x86.Deploy.0 = Release|x86
		{91B08C7F-82D4-4369-BFD5-81654DEDEDD9}.AppStore|Any CPU.ActiveCfg = Release|x86
		{91B08C7F-82D4-4369-BFD5-81654DEDEDD9}.AppStore|Any CPU.Build.0 = Release|x86
		{91B08C7F-82D4-4369-BFD5-81654DEDEDD9}.AppStore|Any CPU.Deploy.0 = Release|x86
		{91B08C7F-82D4-4369-BFD5-81654DEDEDD9}.AppStore|ARM.ActiveCfg = Release|ARM
		{91B08C7F-82D4-4369-BFD5-81654DEDEDD9}.AppStore|ARM.Build.0 = Release|ARM
		{91B08C7F-82D4-4369-BFD5-81654DEDEDD9}.AppStore|ARM.Deploy.0 = Release|ARM
		{91B08C7F-82D4-4369-BFD5-81654DEDEDD9}.AppStore|iPhone.ActiveCfg = Release|x86
		{91B08C7F-82D4-4369-BFD5-81654DEDEDD9}.AppStore|iPhone.Build.0 = Release|x86
		{91B08C7F-82D4-4369-BFD5-81654DEDEDD9}.AppStore|iPhone.Deploy.0 = Release|x86
		{91B08C7F-82D4-4369-BFD5-81654DEDEDD9}.AppStore|iPhoneSimulator.ActiveCfg = Release|x86
		{91B08C7F-82D4-4369-BFD5-81654DEDEDD9}.AppStore|iPhoneSimulator.Build.0 = Release|x86
		{91B08C7F-82D4-4369-BFD5-81654DEDEDD9}.AppStore|iPhoneSimulator.Deploy.0 = Release|x86
		{91B08C7F-82D4-4369-BFD5-81654DEDEDD9}.AppStore|x64.ActiveCfg = Release|x64
		{91B08C7F-82D4-4369-BFD5-81654DEDEDD9}.AppStore|x64.Build.0 = Release|x64
		{91B08C7F-82D4-4369-BFD5-81654DEDEDD9}.AppStore|x64.Deploy.0 = Release|x64
		{91B08C7F-82D4-4369-BFD5-81654DEDEDD9}.AppStore|x86.ActiveCfg = Release|x86
		{91B08C7F-82D4-4369-BFD5-81654DEDEDD9}.AppStore|x86.Build.0 = Release|x86
		{91B08C7F-82D4-4369-BFD5-81654DEDEDD9}.AppStore|x86.Deploy.0 = Release|x86
		{91B08C7F-82D4-4369-BFD5-81654DEDEDD9}.Debug|Any CPU.ActiveCfg = Debug|x86
		{91B08C7F-82D4-4369-BFD5-81654DEDEDD9}.Debug|ARM.ActiveCfg = Debug|ARM
		{91B08C7F-82D4-4369-BFD5-81654DEDEDD9}.Debug|ARM.Build.0 = Debug|ARM
		{91B08C7F-82D4-4369-BFD5-81654DEDEDD9}.Debug|ARM.Deploy.0 = Debug|ARM
		{91B08C7F-82D4-4369-BFD5-81654DEDEDD9}.Debug|iPhone.ActiveCfg = Debug|x86
		{91B08C7F-82D4-4369-BFD5-81654DEDEDD9}.Debug|iPhoneSimulator.ActiveCfg = Debug|x86
		{91B08C7F-82D4-4369-BFD5-81654DEDEDD9}.Debug|x64.ActiveCfg = Debug|x64
		{91B08C7F-82D4-4369-BFD5-81654DEDEDD9}.Debug|x64.Build.0 = Debug|x64
		{91B08C7F-82D4-4369-BFD5-81654DEDEDD9}.Debug|x64.Deploy.0 = Debug|x64
		{91B08C7F-82D4-4369-BFD5-81654DEDEDD9}.Debug|x86.ActiveCfg = Debug|x86
		{91B08C7F-82D4-4369-BFD5-81654DEDEDD9}.Debug|x86.Build.0 = Debug|x86
		{91B08C7F-82D4-4369-BFD5-81654DEDEDD9}.Debug|x86.Deploy.0 = Debug|x86
		{91B08C7F-82D4-4369-BFD5-81654DEDEDD9}.Release|Any CPU.ActiveCfg = Release|x86
		{91B08C7F-82D4-4369-BFD5-81654DEDEDD9}.Release|ARM.ActiveCfg = Release|ARM
		{91B08C7F-82D4-4369-BFD5-81654DEDEDD9}.Release|ARM.Build.0 = Release|ARM
		{91B08C7F-82D4-4369-BFD5-81654DEDEDD9}.Release|ARM.Deploy.0 = Release|ARM
		{91B08C7F-82D4-4369-BFD5-81654DEDEDD9}.Release|iPhone.ActiveCfg = Release|x86
		{91B08C7F-82D4-4369-BFD5-81654DEDEDD9}.Release|iPhoneSimulator.ActiveCfg = Release|x86
		{91B08C7F-82D4-4369-BFD5-81654DEDEDD9}.Release|x64.ActiveCfg = Release|x64
		{91B08C7F-82D4-4369-BFD5-81654DEDEDD9}.Release|x64.Build.0 = Release|x64
		{91B08C7F-82D4-4369-BFD5-81654DEDEDD9}.Release|x64.Deploy.0 = Release|x64
		{91B08C7F-82D4-4369-BFD5-81654DEDEDD9}.Release|x86.ActiveCfg = Release|x86
		{91B08C7F-82D4-4369-BFD5-81654DEDEDD9}.Release|x86.Build.0 = Release|x86
		{91B08C7F-82D4-4369-BFD5-81654DEDEDD9}.Release|x86.Deploy.0 = Release|x86
		{B788DB1D-ACDA-4337-93ED-29CD9D541FD7}.Ad-Hoc|Any CPU.ActiveCfg = Ad-Hoc|iPhone
		{B788DB1D-ACDA-4337-93ED-29CD9D541FD7}.Ad-Hoc|ARM.ActiveCfg = Ad-Hoc|iPhone
		{B788DB1D-ACDA-4337-93ED-29CD9D541FD7}.Ad-Hoc|iPhone.ActiveCfg = Ad-Hoc|iPhone
		{B788DB1D-ACDA-4337-93ED-29CD9D541FD7}.Ad-Hoc|iPhone.Build.0 = Ad-Hoc|iPhone
		{B788DB1D-ACDA-4337-93ED-29CD9D541FD7}.Ad-Hoc|iPhoneSimulator.ActiveCfg = Ad-Hoc|iPhoneSimulator
		{B788DB1D-ACDA-4337-93ED-29CD9D541FD7}.Ad-Hoc|iPhoneSimulator.Build.0 = Ad-Hoc|iPhoneSimulator
		{B788DB1D-ACDA-4337-93ED-29CD9D541FD7}.Ad-Hoc|x64.ActiveCfg = Ad-Hoc|iPhone
		{B788DB1D-ACDA-4337-93ED-29CD9D541FD7}.Ad-Hoc|x86.ActiveCfg = Ad-Hoc|iPhone
		{B788DB1D-ACDA-4337-93ED-29CD9D541FD7}.AppStore|Any CPU.ActiveCfg = AppStore|iPhone
		{B788DB1D-ACDA-4337-93ED-29CD9D541FD7}.AppStore|ARM.ActiveCfg = AppStore|iPhone
		{B788DB1D-ACDA-4337-93ED-29CD9D541FD7}.AppStore|iPhone.ActiveCfg = AppStore|iPhone
		{B788DB1D-ACDA-4337-93ED-29CD9D541FD7}.AppStore|iPhone.Build.0 = AppStore|iPhone
		{B788DB1D-ACDA-4337-93ED-29CD9D541FD7}.AppStore|iPhoneSimulator.ActiveCfg = AppStore|iPhoneSimulator
		{B788DB1D-ACDA-4337-93ED-29CD9D541FD7}.AppStore|iPhoneSimulator.Build.0 = AppStore|iPhoneSimulator
		{B788DB1D-ACDA-4337-93ED-29CD9D541FD7}.AppStore|x64.ActiveCfg = AppStore|iPhone
		{B788DB1D-ACDA-4337-93ED-29CD9D541FD7}.AppStore|x86.ActiveCfg = AppStore|iPhone
		{B788DB1D-ACDA-4337-93ED-29CD9D541FD7}.Debug|Any CPU.ActiveCfg = Debug|iPhone
		{B788DB1D-ACDA-4337-93ED-29CD9D541FD7}.Debug|ARM.ActiveCfg = Debug|iPhone
		{B788DB1D-ACDA-4337-93ED-29CD9D541FD7}.Debug|iPhone.ActiveCfg = Debug|iPhone
		{B788DB1D-ACDA-4337-93ED-29CD9D541FD7}.Debug|iPhone.Build.0 = Debug|iPhone
		{B788DB1D-ACDA-4337-93ED-29CD9D541FD7}.Debug|iPhoneSimulator.ActiveCfg = Debug|iPhoneSimulator
		{B788DB1D-ACDA-4337-93ED-29CD9D541FD7}.Debug|iPhoneSimulator.Build.0 = Debug|iPhoneSimulator
		{B788DB1D-ACDA-4337-93ED-29CD9D541FD7}.Debug|x64.ActiveCfg = Debug|iPhone
		{B788DB1D-ACDA-4337-93ED-29CD9D541FD7}.Debug|x86.ActiveCfg = Debug|iPhone
		{B788DB1D-ACDA-4337-93ED-29CD9D541FD7}.Release|Any CPU.ActiveCfg = Release|iPhone
		{B788DB1D-ACDA-4337-93ED-29CD9D541FD7}.Release|ARM.ActiveCfg = Release|iPhone
		{B788DB1D-ACDA-4337-93ED-29CD9D541FD7}.Release|iPhone.ActiveCfg = Release|iPhone
		{B788DB1D-ACDA-4337-93ED-29CD9D541FD7}.Release|iPhone.Build.0 = Release|iPhone
		{B788DB1D-ACDA-4337-93ED-29CD9D541FD7}.Release|iPhoneSimulator.ActiveCfg = Release|iPhoneSimulator
		{B788DB1D-ACDA-4337-93ED-29CD9D541FD7}.Release|iPhoneSimulator.Build.0 = Release|iPhoneSimulator
		{B788DB1D-ACDA-4337-93ED-29CD9D541FD7}.Release|x64.ActiveCfg = Release|iPhone
		{B788DB1D-ACDA-4337-93ED-29CD9D541FD7}.Release|x86.ActiveCfg = Release|iPhone
	EndGlobalSection
	GlobalSection(SolutionProperties) = preSolution
		HideSolutionNode = FALSE
	EndGlobalSection
EndGlobal
